
Microsoft Visual Studio Solution File, Format Version 12.00
# Visual Studio 15
VisualStudioVersion = 15.0.26430.16
MinimumVisualStudioVersion = 10.0.40219.1
Project("{FAE04EC0-301F-11D3-BF4B-00C04F79EFBC}") = "MBINCompiler", "MBINCompiler\MBINCompiler.csproj", "{CE736EF9-7BE9-4FF0-9551-78F0071AA373}"
	ProjectSection(ProjectDependencies) = postProject
		{F2D295A6-D082-4EB4-8FC9-F4687F674939} = {F2D295A6-D082-4EB4-8FC9-F4687F674939}
	EndProjectSection
EndProject
Project("{FAE04EC0-301F-11D3-BF4B-00C04F79EFBC}") = "MBINCompilerTests", "MBINCompilerTests\MBINCompilerTests.csproj", "{836B3A35-C1EA-47C8-B3AB-59C0E2E0C763}"
EndProject
Project("{FAE04EC0-301F-11D3-BF4B-00C04F79EFBC}") = "libMBIN", "libMBIN\libMBIN.csproj", "{F2D295A6-D082-4EB4-8FC9-F4687F674939}"
EndProject
Global
	GlobalSection(SolutionConfigurationPlatforms) = preSolution
		Debug|Any CPU = Debug|Any CPU
		Release|Any CPU = Release|Any CPU
	EndGlobalSection
	GlobalSection(ProjectConfigurationPlatforms) = postSolution
		{CE736EF9-7BE9-4FF0-9551-78F0071AA373}.Debug|Any CPU.ActiveCfg = Debug|Any CPU
		{CE736EF9-7BE9-4FF0-9551-78F0071AA373}.Debug|Any CPU.Build.0 = Debug|Any CPU
		{CE736EF9-7BE9-4FF0-9551-78F0071AA373}.Release|Any CPU.ActiveCfg = Release|Any CPU
		{CE736EF9-7BE9-4FF0-9551-78F0071AA373}.Release|Any CPU.Build.0 = Release|Any CPU
		{836B3A35-C1EA-47C8-B3AB-59C0E2E0C763}.Debug|Any CPU.ActiveCfg = Debug|Any CPU
		{836B3A35-C1EA-47C8-B3AB-59C0E2E0C763}.Debug|Any CPU.Build.0 = Debug|Any CPU
		{836B3A35-C1EA-47C8-B3AB-59C0E2E0C763}.Release|Any CPU.ActiveCfg = Release|Any CPU
		{836B3A35-C1EA-47C8-B3AB-59C0E2E0C763}.Release|Any CPU.Build.0 = Release|Any CPU
		{F2D295A6-D082-4EB4-8FC9-F4687F674939}.Debug|Any CPU.ActiveCfg = Debug|Any CPU
		{F2D295A6-D082-4EB4-8FC9-F4687F674939}.Debug|Any CPU.Build.0 = Debug|Any CPU
		{F2D295A6-D082-4EB4-8FC9-F4687F674939}.Release|Any CPU.ActiveCfg = Release|Any CPU
		{F2D295A6-D082-4EB4-8FC9-F4687F674939}.Release|Any CPU.Build.0 = Release|Any CPU
	EndGlobalSection
	GlobalSection(SolutionProperties) = preSolution
		HideSolutionNode = FALSE
	EndGlobalSection
EndGlobal
